
Microsoft Visual Studio Solution File, Format Version 12.00
# Visual Studio Version 17
VisualStudioVersion = 17.14.36414.22 d17.14
MinimumVisualStudioVersion = 10.0.40219.1
Project("{FAE04EC0-301F-11D3-BF4B-00C04F79EFBC}") = "Test-App", "Test-App\Test-App.csproj", "{782F9A30-D43A-4305-868D-7EA528D72369}"
EndProject
Global
	GlobalSection(SolutionConfigurationPlatforms) = preSolution
		Debug|Any CPU = Debug|Any CPU
		Release|Any CPU = Release|Any CPU
	EndGlobalSection
	GlobalSection(ProjectConfigurationPlatforms) = postSolution
		{782F9A30-D43A-4305-868D-7EA528D72369}.Debug|Any CPU.ActiveCfg = Debug|Any CPU
		{782F9A30-D43A-4305-868D-7EA528D72369}.Debug|Any CPU.Build.0 = Debug|Any CPU
		{782F9A30-D43A-4305-868D-7EA528D72369}.Release|Any CPU.ActiveCfg = Release|Any CPU
		{782F9A30-D43A-4305-868D-7EA528D72369}.Release|Any CPU.Build.0 = Release|Any CPU
	EndGlobalSection
	GlobalSection(SolutionProperties) = preSolution
		HideSolutionNode = FALSE
	EndGlobalSection
	GlobalSection(ExtensibilityGlobals) = postSolution
		SolutionGuid = {324174EF-3DD6-4693-AA73-1623AE40B4E7}
	EndGlobalSection
EndGlobal
